// !$*UTF8*$!
{
	archiveVersion = 1;
	classes = {
	};
	objectVersion = 55;
	objects = {

/* Begin PBXBuildFile section */
		A7D1179412CF58974B105CA3 /* Pods_VRG_Soft_Test.framework in Frameworks */ = {isa = PBXBuildFile; fileRef = EA783AF1B1DCA1C5354D81FE /* Pods_VRG_Soft_Test.framework */; };
		BE13641C2A13854C00096C2C /* MostEmailedViewController.swift in Sources */ = {isa = PBXBuildFile; fileRef = BE13641B2A13854C00096C2C /* MostEmailedViewController.swift */; };
		BE13641E2A13858A00096C2C /* MostSharedViewController.swift in Sources */ = {isa = PBXBuildFile; fileRef = BE13641D2A13858A00096C2C /* MostSharedViewController.swift */; };
		BE1364202A1385B400096C2C /* MostViewedViewedController.swift in Sources */ = {isa = PBXBuildFile; fileRef = BE13641F2A1385B400096C2C /* MostViewedViewedController.swift */; };
		BE1364222A13863000096C2C /* FavoritesViewController.swift in Sources */ = {isa = PBXBuildFile; fileRef = BE1364212A13863000096C2C /* FavoritesViewController.swift */; };
		BE1364252A138A2600096C2C /* TabBarController.swift in Sources */ = {isa = PBXBuildFile; fileRef = BE1364242A138A2600096C2C /* TabBarController.swift */; };
		BE1364272A13E2CD00096C2C /* ApiManager.swift in Sources */ = {isa = PBXBuildFile; fileRef = BE1364262A13E2CD00096C2C /* ApiManager.swift */; };
		BE13642B2A13E7D200096C2C /* ArticlesResult.swift in Sources */ = {isa = PBXBuildFile; fileRef = BE13642A2A13E7D200096C2C /* ArticlesResult.swift */; };
		BE13642E2A14125800096C2C /* ArticleTableViewCell.swift in Sources */ = {isa = PBXBuildFile; fileRef = BE13642D2A14125800096C2C /* ArticleTableViewCell.swift */; };
		BE1364302A154E1E00096C2C /* ArticleDetailViewController.swift in Sources */ = {isa = PBXBuildFile; fileRef = BE13642F2A154E1E00096C2C /* ArticleDetailViewController.swift */; };
		BE2D222D2A1366B8000B48B6 /* AppDelegate.swift in Sources */ = {isa = PBXBuildFile; fileRef = BE2D222C2A1366B8000B48B6 /* AppDelegate.swift */; };
		BE2D222F2A1366B8000B48B6 /* SceneDelegate.swift in Sources */ = {isa = PBXBuildFile; fileRef = BE2D222E2A1366B8000B48B6 /* SceneDelegate.swift */; };
		BE2D22372A1366B8000B48B6 /* VRG_Soft_Test.xcdatamodeld in Sources */ = {isa = PBXBuildFile; fileRef = BE2D22352A1366B8000B48B6 /* VRG_Soft_Test.xcdatamodeld */; };
		BE2D22392A1366B9000B48B6 /* Assets.xcassets in Resources */ = {isa = PBXBuildFile; fileRef = BE2D22382A1366B9000B48B6 /* Assets.xcassets */; };
		BE2D223C2A1366B9000B48B6 /* LaunchScreen.storyboard in Resources */ = {isa = PBXBuildFile; fileRef = BE2D223A2A1366B9000B48B6 /* LaunchScreen.storyboard */; };
/* End PBXBuildFile section */

/* Begin PBXFileReference section */
		80566FC8C6D96163F143458B /* Pods-VRG Soft Test.debug.xcconfig */ = {isa = PBXFileReference; includeInIndex = 1; lastKnownFileType = text.xcconfig; name = "Pods-VRG Soft Test.debug.xcconfig"; path = "Target Support Files/Pods-VRG Soft Test/Pods-VRG Soft Test.debug.xcconfig"; sourceTree = "<group>"; };
		BE13641B2A13854C00096C2C /* MostEmailedViewController.swift */ = {isa = PBXFileReference; lastKnownFileType = sourcecode.swift; path = MostEmailedViewController.swift; sourceTree = "<group>"; };
		BE13641D2A13858A00096C2C /* MostSharedViewController.swift */ = {isa = PBXFileReference; lastKnownFileType = sourcecode.swift; path = MostSharedViewController.swift; sourceTree = "<group>"; };
		BE13641F2A1385B400096C2C /* MostViewedViewedController.swift */ = {isa = PBXFileReference; lastKnownFileType = sourcecode.swift; path = MostViewedViewedController.swift; sourceTree = "<group>"; };
		BE1364212A13863000096C2C /* FavoritesViewController.swift */ = {isa = PBXFileReference; lastKnownFileType = sourcecode.swift; path = FavoritesViewController.swift; sourceTree = "<group>"; };
		BE1364242A138A2600096C2C /* TabBarController.swift */ = {isa = PBXFileReference; lastKnownFileType = sourcecode.swift; path = TabBarController.swift; sourceTree = "<group>"; };
		BE1364262A13E2CD00096C2C /* ApiManager.swift */ = {isa = PBXFileReference; lastKnownFileType = sourcecode.swift; path = ApiManager.swift; sourceTree = "<group>"; };
		BE13642A2A13E7D200096C2C /* ArticlesResult.swift */ = {isa = PBXFileReference; lastKnownFileType = sourcecode.swift; path = ArticlesResult.swift; sourceTree = "<group>"; };
		BE13642D2A14125800096C2C /* ArticleTableViewCell.swift */ = {isa = PBXFileReference; lastKnownFileType = sourcecode.swift; path = ArticleTableViewCell.swift; sourceTree = "<group>"; };
		BE13642F2A154E1E00096C2C /* ArticleDetailViewController.swift */ = {isa = PBXFileReference; lastKnownFileType = sourcecode.swift; path = ArticleDetailViewController.swift; sourceTree = "<group>"; };
		BE2D22292A1366B8000B48B6 /* VRG Soft Test.app */ = {isa = PBXFileReference; explicitFileType = wrapper.application; includeInIndex = 0; path = "VRG Soft Test.app"; sourceTree = BUILT_PRODUCTS_DIR; };
		BE2D222C2A1366B8000B48B6 /* AppDelegate.swift */ = {isa = PBXFileReference; lastKnownFileType = sourcecode.swift; path = AppDelegate.swift; sourceTree = "<group>"; };
		BE2D222E2A1366B8000B48B6 /* SceneDelegate.swift */ = {isa = PBXFileReference; lastKnownFileType = sourcecode.swift; path = SceneDelegate.swift; sourceTree = "<group>"; };
		BE2D22362A1366B8000B48B6 /* VRG_Soft_Test.xcdatamodel */ = {isa = PBXFileReference; lastKnownFileType = wrapper.xcdatamodel; path = VRG_Soft_Test.xcdatamodel; sourceTree = "<group>"; };
		BE2D22382A1366B9000B48B6 /* Assets.xcassets */ = {isa = PBXFileReference; lastKnownFileType = folder.assetcatalog; path = Assets.xcassets; sourceTree = "<group>"; };
		BE2D223B2A1366B9000B48B6 /* Base */ = {isa = PBXFileReference; lastKnownFileType = file.storyboard; name = Base; path = Base.lproj/LaunchScreen.storyboard; sourceTree = "<group>"; };
		BE2D223D2A1366B9000B48B6 /* Info.plist */ = {isa = PBXFileReference; lastKnownFileType = text.plist.xml; path = Info.plist; sourceTree = "<group>"; };
		EA783AF1B1DCA1C5354D81FE /* Pods_VRG_Soft_Test.framework */ = {isa = PBXFileReference; explicitFileType = wrapper.framework; includeInIndex = 0; path = Pods_VRG_Soft_Test.framework; sourceTree = BUILT_PRODUCTS_DIR; };
		ED05281B1EF0103A57AD696B /* Pods-VRG Soft Test.release.xcconfig */ = {isa = PBXFileReference; includeInIndex = 1; lastKnownFileType = text.xcconfig; name = "Pods-VRG Soft Test.release.xcconfig"; path = "Target Support Files/Pods-VRG Soft Test/Pods-VRG Soft Test.release.xcconfig"; sourceTree = "<group>"; };
/* End PBXFileReference section */

/* Begin PBXFrameworksBuildPhase section */
		BE2D22262A1366B8000B48B6 /* Frameworks */ = {
			isa = PBXFrameworksBuildPhase;
			buildActionMask = 2147483647;
			files = (
				A7D1179412CF58974B105CA3 /* Pods_VRG_Soft_Test.framework in Frameworks */,
			);
			runOnlyForDeploymentPostprocessing = 0;
		};
/* End PBXFrameworksBuildPhase section */

/* Begin PBXGroup section */
		5A7CDDD4B00F26A781A371A1 /* Pods */ = {
			isa = PBXGroup;
			children = (
				80566FC8C6D96163F143458B /* Pods-VRG Soft Test.debug.xcconfig */,
				ED05281B1EF0103A57AD696B /* Pods-VRG Soft Test.release.xcconfig */,
			);
			path = Pods;
			sourceTree = "<group>";
		};
		8F8EE942A7EEB141CD8A57B2 /* Frameworks */ = {
			isa = PBXGroup;
			children = (
				EA783AF1B1DCA1C5354D81FE /* Pods_VRG_Soft_Test.framework */,
			);
			name = Frameworks;
			sourceTree = "<group>";
		};
		BE1364232A13864200096C2C /* ViewControllers */ = {
			isa = PBXGroup;
			children = (
				BE1364242A138A2600096C2C /* TabBarController.swift */,
				BE13641B2A13854C00096C2C /* MostEmailedViewController.swift */,
				BE13641D2A13858A00096C2C /* MostSharedViewController.swift */,
				BE13641F2A1385B400096C2C /* MostViewedViewedController.swift */,
				BE1364212A13863000096C2C /* FavoritesViewController.swift */,
				BE13642F2A154E1E00096C2C /* ArticleDetailViewController.swift */,
				BE13642C2A14124100096C2C /* Cells */,
			);
			path = ViewControllers;
			sourceTree = "<group>";
		};
		BE1364282A13E56800096C2C /* API */ = {
			isa = PBXGroup;
			children = (
				BE1364292A13E57500096C2C /* Models */,
				BE1364262A13E2CD00096C2C /* ApiManager.swift */,
			);
			path = API;
			sourceTree = "<group>";
		};
		BE1364292A13E57500096C2C /* Models */ = {
			isa = PBXGroup;
			children = (
				BE13642A2A13E7D200096C2C /* ArticlesResult.swift */,
			);
			path = Models;
			sourceTree = "<group>";
		};
		BE13642C2A14124100096C2C /* Cells */ = {
			isa = PBXGroup;
			children = (
				BE13642D2A14125800096C2C /* ArticleTableViewCell.swift */,
			);
			path = Cells;
			sourceTree = "<group>";
		};
		BE2D22202A1366B8000B48B6 = {
			isa = PBXGroup;
			children = (
				BE2D222B2A1366B8000B48B6 /* VRG Soft Test */,
				BE2D222A2A1366B8000B48B6 /* Products */,
				5A7CDDD4B00F26A781A371A1 /* Pods */,
				8F8EE942A7EEB141CD8A57B2 /* Frameworks */,
			);
			sourceTree = "<group>";
		};
		BE2D222A2A1366B8000B48B6 /* Products */ = {
			isa = PBXGroup;
			children = (
				BE2D22292A1366B8000B48B6 /* VRG Soft Test.app */,
			);
			name = Products;
			sourceTree = "<group>";
		};
		BE2D222B2A1366B8000B48B6 /* VRG Soft Test */ = {
			isa = PBXGroup;
			children = (
				BE2D222C2A1366B8000B48B6 /* AppDelegate.swift */,
				BE2D222E2A1366B8000B48B6 /* SceneDelegate.swift */,
				BE1364282A13E56800096C2C /* API */,
				BE1364232A13864200096C2C /* ViewControllers */,
				BE2D22382A1366B9000B48B6 /* Assets.xcassets */,
				BE2D223A2A1366B9000B48B6 /* LaunchScreen.storyboard */,
				BE2D223D2A1366B9000B48B6 /* Info.plist */,
				BE2D22352A1366B8000B48B6 /* VRG_Soft_Test.xcdatamodeld */,
			);
			path = "VRG Soft Test";
			sourceTree = "<group>";
		};
/* End PBXGroup section */

/* Begin PBXNativeTarget section */
		BE2D22282A1366B8000B48B6 /* VRG Soft Test */ = {
			isa = PBXNativeTarget;
			buildConfigurationList = BE2D22402A1366B9000B48B6 /* Build configuration list for PBXNativeTarget "VRG Soft Test" */;
			buildPhases = (
				31744E9F73F6E33ACAB84F50 /* [CP] Check Pods Manifest.lock */,
				BE2D22252A1366B8000B48B6 /* Sources */,
				BE2D22262A1366B8000B48B6 /* Frameworks */,
				BE2D22272A1366B8000B48B6 /* Resources */,
				055C562DE068E3AE0475C170 /* [CP] Embed Pods Frameworks */,
			);
			buildRules = (
			);
			dependencies = (
			);
			name = "VRG Soft Test";
			productName = "VRG Soft Test";
			productReference = BE2D22292A1366B8000B48B6 /* VRG Soft Test.app */;
			productType = "com.apple.product-type.application";
		};
/* End PBXNativeTarget section */

/* Begin PBXProject section */
		BE2D22212A1366B8000B48B6 /* Project object */ = {
			isa = PBXProject;
			attributes = {
				BuildIndependentTargetsInParallel = 1;
				LastSwiftUpdateCheck = 1340;
				LastUpgradeCheck = 1340;
				TargetAttributes = {
					BE2D22282A1366B8000B48B6 = {
						CreatedOnToolsVersion = 13.4;
					};
				};
			};
			buildConfigurationList = BE2D22242A1366B8000B48B6 /* Build configuration list for PBXProject "VRG Soft Test" */;
			compatibilityVersion = "Xcode 13.0";
			developmentRegion = en;
			hasScannedForEncodings = 0;
			knownRegions = (
				en,
				Base,
			);
			mainGroup = BE2D22202A1366B8000B48B6;
			productRefGroup = BE2D222A2A1366B8000B48B6 /* Products */;
			projectDirPath = "";
			projectRoot = "";
			targets = (
				BE2D22282A1366B8000B48B6 /* VRG Soft Test */,
			);
		};
/* End PBXProject section */

/* Begin PBXResourcesBuildPhase section */
		BE2D22272A1366B8000B48B6 /* Resources */ = {
			isa = PBXResourcesBuildPhase;
			buildActionMask = 2147483647;
			files = (
				BE2D223C2A1366B9000B48B6 /* LaunchScreen.storyboard in Resources */,
				BE2D22392A1366B9000B48B6 /* Assets.xcassets in Resources */,
			);
			runOnlyForDeploymentPostprocessing = 0;
		};
/* End PBXResourcesBuildPhase section */

/* Begin PBXShellScriptBuildPhase section */
		055C562DE068E3AE0475C170 /* [CP] Embed Pods Frameworks */ = {
			isa = PBXShellScriptBuildPhase;
			buildActionMask = 2147483647;
			files = (
			);
			inputFileListPaths = (
				"${PODS_ROOT}/Target Support Files/Pods-VRG Soft Test/Pods-VRG Soft Test-frameworks-${CONFIGURATION}-input-files.xcfilelist",
			);
			name = "[CP] Embed Pods Frameworks";
			outputFileListPaths = (
				"${PODS_ROOT}/Target Support Files/Pods-VRG Soft Test/Pods-VRG Soft Test-frameworks-${CONFIGURATION}-output-files.xcfilelist",
			);
			runOnlyForDeploymentPostprocessing = 0;
			shellPath = /bin/sh;
			shellScript = "\"${PODS_ROOT}/Target Support Files/Pods-VRG Soft Test/Pods-VRG Soft Test-frameworks.sh\"\n";
			showEnvVarsInLog = 0;
		};
		31744E9F73F6E33ACAB84F50 /* [CP] Check Pods Manifest.lock */ = {
			isa = PBXShellScriptBuildPhase;
			buildActionMask = 2147483647;
			files = (
			);
			inputFileListPaths = (
			);
			inputPaths = (
				"${PODS_PODFILE_DIR_PATH}/Podfile.lock",
				"${PODS_ROOT}/Manifest.lock",
			);
			name = "[CP] Check Pods Manifest.lock";
			outputFileListPaths = (
			);
			outputPaths = (
				"$(DERIVED_FILE_DIR)/Pods-VRG Soft Test-checkManifestLockResult.txt",
			);
			runOnlyForDeploymentPostprocessing = 0;
			shellPath = /bin/sh;
			shellScript = "diff \"${PODS_PODFILE_DIR_PATH}/Podfile.lock\" \"${PODS_ROOT}/Manifest.lock\" > /dev/null\nif [ $? != 0 ] ; then\n    # print error to STDERR\n    echo \"error: The sandbox is not in sync with the Podfile.lock. Run 'pod install' or update your CocoaPods installation.\" >&2\n    exit 1\nfi\n# This output is used by Xcode 'outputs' to avoid re-running this script phase.\necho \"SUCCESS\" > \"${SCRIPT_OUTPUT_FILE_0}\"\n";
			showEnvVarsInLog = 0;
		};
/* End PBXShellScriptBuildPhase section */

/* Begin PBXSourcesBuildPhase section */
		BE2D22252A1366B8000B48B6 /* Sources */ = {
			isa = PBXSourcesBuildPhase;
			buildActionMask = 2147483647;
			files = (
				BE13641E2A13858A00096C2C /* MostSharedViewController.swift in Sources */,
				BE1364272A13E2CD00096C2C /* ApiManager.swift in Sources */,
				BE1364302A154E1E00096C2C /* ArticleDetailViewController.swift in Sources */,
				BE13642B2A13E7D200096C2C /* ArticlesResult.swift in Sources */,
				BE1364252A138A2600096C2C /* TabBarController.swift in Sources */,
				BE1364202A1385B400096C2C /* MostViewedViewedController.swift in Sources */,
				BE1364222A13863000096C2C /* FavoritesViewController.swift in Sources */,
				BE13642E2A14125800096C2C /* ArticleTableViewCell.swift in Sources */,
				BE2D222D2A1366B8000B48B6 /* AppDelegate.swift in Sources */,
				BE13641C2A13854C00096C2C /* MostEmailedViewController.swift in Sources */,
				BE2D222F2A1366B8000B48B6 /* SceneDelegate.swift in Sources */,
				BE2D22372A1366B8000B48B6 /* VRG_Soft_Test.xcdatamodeld in Sources */,
			);
			runOnlyForDeploymentPostprocessing = 0;
		};
/* End PBXSourcesBuildPhase section */

/* Begin PBXVariantGroup section */
		BE2D223A2A1366B9000B48B6 /* LaunchScreen.storyboard */ = {
			isa = PBXVariantGroup;
			children = (
				BE2D223B2A1366B9000B48B6 /* Base */,
			);
			name = LaunchScreen.storyboard;
			sourceTree = "<group>";
		};
/* End PBXVariantGroup section */

/* Begin XCBuildConfiguration section */
		BE2D223E2A1366B9000B48B6 /* Debug */ = {
			isa = XCBuildConfiguration;
			buildSettings = {
				ALWAYS_SEARCH_USER_PATHS = NO;
				CLANG_ANALYZER_NONNULL = YES;
				CLANG_ANALYZER_NUMBER_OBJECT_CONVERSION = YES_AGGRESSIVE;
				CLANG_CXX_LANGUAGE_STANDARD = "gnu++17";
				CLANG_ENABLE_MODULES = YES;
				CLANG_ENABLE_OBJC_ARC = YES;
				CLANG_ENABLE_OBJC_WEAK = YES;
				CLANG_WARN_BLOCK_CAPTURE_AUTORELEASING = YES;
				CLANG_WARN_BOOL_CONVERSION = YES;
				CLANG_WARN_COMMA = YES;
				CLANG_WARN_CONSTANT_CONVERSION = YES;
				CLANG_WARN_DEPRECATED_OBJC_IMPLEMENTATIONS = YES;
				CLANG_WARN_DIRECT_OBJC_ISA_USAGE = YES_ERROR;
				CLANG_WARN_DOCUMENTATION_COMMENTS = YES;
				CLANG_WARN_EMPTY_BODY = YES;
				CLANG_WARN_ENUM_CONVERSION = YES;
				CLANG_WARN_INFINITE_RECURSION = YES;
				CLANG_WARN_INT_CONVERSION = YES;
				CLANG_WARN_NON_LITERAL_NULL_CONVERSION = YES;
				CLANG_WARN_OBJC_IMPLICIT_RETAIN_SELF = YES;
				CLANG_WARN_OBJC_LITERAL_CONVERSION = YES;
				CLANG_WARN_OBJC_ROOT_CLASS = YES_ERROR;
				CLANG_WARN_QUOTED_INCLUDE_IN_FRAMEWORK_HEADER = YES;
				CLANG_WARN_RANGE_LOOP_ANALYSIS = YES;
				CLANG_WARN_STRICT_PROTOTYPES = YES;
				CLANG_WARN_SUSPICIOUS_MOVE = YES;
				CLANG_WARN_UNGUARDED_AVAILABILITY = YES_AGGRESSIVE;
				CLANG_WARN_UNREACHABLE_CODE = YES;
				CLANG_WARN__DUPLICATE_METHOD_MATCH = YES;
				COPY_PHASE_STRIP = NO;
				DEBUG_INFORMATION_FORMAT = dwarf;
				ENABLE_STRICT_OBJC_MSGSEND = YES;
				ENABLE_TESTABILITY = YES;
				GCC_C_LANGUAGE_STANDARD = gnu11;
				GCC_DYNAMIC_NO_PIC = NO;
				GCC_NO_COMMON_BLOCKS = YES;
				GCC_OPTIMIZATION_LEVEL = 0;
				GCC_PREPROCESSOR_DEFINITIONS = (
					"DEBUG=1",
					"$(inherited)",
				);
				GCC_WARN_64_TO_32_BIT_CONVERSION = YES;
				GCC_WARN_ABOUT_RETURN_TYPE = YES_ERROR;
				GCC_WARN_UNDECLARED_SELECTOR = YES;
				GCC_WARN_UNINITIALIZED_AUTOS = YES_AGGRESSIVE;
				GCC_WARN_UNUSED_FUNCTION = YES;
				GCC_WARN_UNUSED_VARIABLE = YES;
				IPHONEOS_DEPLOYMENT_TARGET = 15.5;
				MTL_ENABLE_DEBUG_INFO = INCLUDE_SOURCE;
				MTL_FAST_MATH = YES;
				ONLY_ACTIVE_ARCH = YES;
				SDKROOT = iphoneos;
				SWIFT_ACTIVE_COMPILATION_CONDITIONS = DEBUG;
				SWIFT_OPTIMIZATION_LEVEL = "-Onone";
			};
			name = Debug;
		};
		BE2D223F2A1366B9000B48B6 /* Release */ = {
			isa = XCBuildConfiguration;
			buildSettings = {
				ALWAYS_SEARCH_USER_PATHS = NO;
				CLANG_ANALYZER_NONNULL = YES;
				CLANG_ANALYZER_NUMBER_OBJECT_CONVERSION = YES_AGGRESSIVE;
				CLANG_CXX_LANGUAGE_STANDARD = "gnu++17";
				CLANG_ENABLE_MODULES = YES;
				CLANG_ENABLE_OBJC_ARC = YES;
				CLANG_ENABLE_OBJC_WEAK = YES;
				CLANG_WARN_BLOCK_CAPTURE_AUTORELEASING = YES;
				CLANG_WARN_BOOL_CONVERSION = YES;
				CLANG_WARN_COMMA = YES;
				CLANG_WARN_CONSTANT_CONVERSION = YES;
				CLANG_WARN_DEPRECATED_OBJC_IMPLEMENTATIONS = YES;
				CLANG_WARN_DIRECT_OBJC_ISA_USAGE = YES_ERROR;
				CLANG_WARN_DOCUMENTATION_COMMENTS = YES;
				CLANG_WARN_EMPTY_BODY = YES;
				CLANG_WARN_ENUM_CONVERSION = YES;
				CLANG_WARN_INFINITE_RECURSION = YES;
				CLANG_WARN_INT_CONVERSION = YES;
				CLANG_WARN_NON_LITERAL_NULL_CONVERSION = YES;
				CLANG_WARN_OBJC_IMPLICIT_RETAIN_SELF = YES;
				CLANG_WARN_OBJC_LITERAL_CONVERSION = YES;
				CLANG_WARN_OBJC_ROOT_CLASS = YES_ERROR;
				CLANG_WARN_QUOTED_INCLUDE_IN_FRAMEWORK_HEADER = YES;
				CLANG_WARN_RANGE_LOOP_ANALYSIS = YES;
				CLANG_WARN_STRICT_PROTOTYPES = YES;
				CLANG_WARN_SUSPICIOUS_MOVE = YES;
				CLANG_WARN_UNGUARDED_AVAILABILITY = YES_AGGRESSIVE;
				CLANG_WARN_UNREACHABLE_CODE = YES;
				CLANG_WARN__DUPLICATE_METHOD_MATCH = YES;
				COPY_PHASE_STRIP = NO;
				DEBUG_INFORMATION_FORMAT = "dwarf-with-dsym";
				ENABLE_NS_ASSERTIONS = NO;
				ENABLE_STRICT_OBJC_MSGSEND = YES;
				GCC_C_LANGUAGE_STANDARD = gnu11;
				GCC_NO_COMMON_BLOCKS = YES;
				GCC_WARN_64_TO_32_BIT_CONVERSION = YES;
				GCC_WARN_ABOUT_RETURN_TYPE = YES_ERROR;
				GCC_WARN_UNDECLARED_SELECTOR = YES;
				GCC_WARN_UNINITIALIZED_AUTOS = YES_AGGRESSIVE;
				GCC_WARN_UNUSED_FUNCTION = YES;
				GCC_WARN_UNUSED_VARIABLE = YES;
				IPHONEOS_DEPLOYMENT_TARGET = 15.5;
				MTL_ENABLE_DEBUG_INFO = NO;
				MTL_FAST_MATH = YES;
				SDKROOT = iphoneos;
				SWIFT_COMPILATION_MODE = wholemodule;
				SWIFT_OPTIMIZATION_LEVEL = "-O";
				VALIDATE_PRODUCT = YES;
			};
			name = Release;
		};
		BE2D22412A1366B9000B48B6 /* Debug */ = {
			isa = XCBuildConfiguration;
			baseConfigurationReference = 80566FC8C6D96163F143458B /* Pods-VRG Soft Test.debug.xcconfig */;
			buildSettings = {
				ASSETCATALOG_COMPILER_APPICON_NAME = AppIcon;
				ASSETCATALOG_COMPILER_GLOBAL_ACCENT_COLOR_NAME = AccentColor;
				CODE_SIGN_STYLE = Automatic;
				CURRENT_PROJECT_VERSION = 1;
				DEVELOPMENT_TEAM = Y9BLB7XZM5;
				GENERATE_INFOPLIST_FILE = YES;
				INFOPLIST_FILE = "VRG Soft Test/Info.plist";
				INFOPLIST_KEY_UIApplicationSupportsIndirectInputEvents = YES;
				INFOPLIST_KEY_UILaunchStoryboardName = LaunchScreen;
				INFOPLIST_KEY_UISupportedInterfaceOrientations_iPad = "UIInterfaceOrientationPortrait UIInterfaceOrientationPortraitUpsideDown UIInterfaceOrientationLandscapeLeft UIInterfaceOrientationLandscapeRight";
				INFOPLIST_KEY_UISupportedInterfaceOrientations_iPhone = "UIInterfaceOrientationPortrait UIInterfaceOrientationLandscapeLeft UIInterfaceOrientationLandscapeRight";
				IPHONEOS_DEPLOYMENT_TARGET = 13.5;
				LD_RUNPATH_SEARCH_PATHS = (
					"$(inherited)",
					"@executable_path/Frameworks",
				);
				MARKETING_VERSION = 1.0;
				PRODUCT_BUNDLE_IDENTIFIER = "Sergey-Belousov.VRG-Soft-Test";
				PRODUCT_NAME = "$(TARGET_NAME)";
				SWIFT_EMIT_LOC_STRINGS = YES;
				SWIFT_VERSION = 5.0;
				TARGETED_DEVICE_FAMILY = "1,2";
			};
			name = Debug;
		};
		BE2D22422A1366B9000B48B6 /* Release */ = {
			isa = XCBuildConfiguration;
			baseConfigurationReference = ED05281B1EF0103A57AD696B /* Pods-VRG Soft Test.release.xcconfig */;
			buildSettings = {
				ASSETCATALOG_COMPILER_APPICON_NAME = AppIcon;
				ASSETCATALOG_COMPILER_GLOBAL_ACCENT_COLOR_NAME = AccentColor;
				CODE_SIGN_STYLE = Automatic;
				CURRENT_PROJECT_VERSION = 1;
				DEVELOPMENT_TEAM = Y9BLB7XZM5;
				GENERATE_INFOPLIST_FILE = YES;
				INFOPLIST_FILE = "VRG Soft Test/Info.plist";
				INFOPLIST_KEY_UIApplicationSupportsIndirectInputEvents = YES;
				INFOPLIST_KEY_UILaunchStoryboardName = LaunchScreen;
				INFOPLIST_KEY_UISupportedInterfaceOrientations_iPad = "UIInterfaceOrientationPortrait UIInterfaceOrientationPortraitUpsideDown UIInterfaceOrientationLandscapeLeft UIInterfaceOrientationLandscapeRight";
				INFOPLIST_KEY_UISupportedInterfaceOrientations_iPhone = "UIInterfaceOrientationPortrait UIInterfaceOrientationLandscapeLeft UIInterfaceOrientationLandscapeRight";
				IPHONEOS_DEPLOYMENT_TARGET = 13.5;
				LD_RUNPATH_SEARCH_PATHS = (
					"$(inherited)",
					"@executable_path/Frameworks",
				);
				MARKETING_VERSION = 1.0;
				PRODUCT_BUNDLE_IDENTIFIER = "Sergey-Belousov.VRG-Soft-Test";
				PRODUCT_NAME = "$(TARGET_NAME)";
				SWIFT_EMIT_LOC_STRINGS = YES;
				SWIFT_VERSION = 5.0;
				TARGETED_DEVICE_FAMILY = "1,2";
			};
			name = Release;
		};
/* End XCBuildConfiguration section */

/* Begin XCConfigurationList section */
		BE2D22242A1366B8000B48B6 /* Build configuration list for PBXProject "VRG Soft Test" */ = {
			isa = XCConfigurationList;
			buildConfigurations = (
				BE2D223E2A1366B9000B48B6 /* Debug */,
				BE2D223F2A1366B9000B48B6 /* Release */,
			);
			defaultConfigurationIsVisible = 0;
			defaultConfigurationName = Release;
		};
		BE2D22402A1366B9000B48B6 /* Build configuration list for PBXNativeTarget "VRG Soft Test" */ = {
			isa = XCConfigurationList;
			buildConfigurations = (
				BE2D22412A1366B9000B48B6 /* Debug */,
				BE2D22422A1366B9000B48B6 /* Release */,
			);
			defaultConfigurationIsVisible = 0;
			defaultConfigurationName = Release;
		};
/* End XCConfigurationList section */

/* Begin XCVersionGroup section */
		BE2D22352A1366B8000B48B6 /* VRG_Soft_Test.xcdatamodeld */ = {
			isa = XCVersionGroup;
			children = (
				BE2D22362A1366B8000B48B6 /* VRG_Soft_Test.xcdatamodel */,
			);
			currentVersion = BE2D22362A1366B8000B48B6 /* VRG_Soft_Test.xcdatamodel */;
			path = VRG_Soft_Test.xcdatamodeld;
			sourceTree = "<group>";
			versionGroupType = wrapper.xcdatamodel;
		};
/* End XCVersionGroup section */
	};
	rootObject = BE2D22212A1366B8000B48B6 /* Project object */;
}
